
Microsoft Visual Studio Solution File, Format Version 12.00
# Visual Studio Version 17
VisualStudioVersion = 17.9.34616.47
MinimumVisualStudioVersion = 10.0.40219.1
Project("{9A19103F-16F7-4668-BE54-9A1E7A4F7556}") = "Entities", "Entities\Entities.csproj", "{61E7786C-C82E-4494-B3BB-42CFA6AE997B}"
EndProject
Project("{9A19103F-16F7-4668-BE54-9A1E7A4F7556}") = "СlientLogic", "Logic\СlientLogic.csproj", "{454CB42B-ACF8-4332-BEF0-BB8A7F0A9FE4}"
	ProjectSection(ProjectDependencies) = postProject
		{5385C35E-3591-4B7A-A088-1A4AF05F3253} = {5385C35E-3591-4B7A-A088-1A4AF05F3253}
	EndProjectSection
EndProject
Project("{9A19103F-16F7-4668-BE54-9A1E7A4F7556}") = "UserInterface", "UserInterface\UserInterface.csproj", "{A87B3A33-1B09-4AB5-9F3C-758430B1DAF5}"
EndProject
Project("{9A19103F-16F7-4668-BE54-9A1E7A4F7556}") = "Network", "Network\Network.csproj", "{5385C35E-3591-4B7A-A088-1A4AF05F3253}"
	ProjectSection(ProjectDependencies) = postProject
		{61E7786C-C82E-4494-B3BB-42CFA6AE997B} = {61E7786C-C82E-4494-B3BB-42CFA6AE997B}
	EndProjectSection
EndProject
Project("{9A19103F-16F7-4668-BE54-9A1E7A4F7556}") = "ServerLogic", "ServerLogic\ServerLogic.csproj", "{07D5F448-F768-4132-899C-DE0868B22D71}"
	ProjectSection(ProjectDependencies) = postProject
		{61E7786C-C82E-4494-B3BB-42CFA6AE997B} = {61E7786C-C82E-4494-B3BB-42CFA6AE997B}
	EndProjectSection
EndProject
Project("{FAE04EC0-301F-11D3-BF4B-00C04F79EFBC}") = "Server", "Server\Server.csproj", "{4432C388-436F-40A1-87DD-75CF460005EA}"
EndProject
Project("{2150E333-8FDC-42A3-9474-1A3956D46DE8}") = "Network.Services", "Network.Services", "{DA08A089-2C80-40C1-B597-391307701B29}"
EndProject
Project("{FAE04EC0-301F-11D3-BF4B-00C04F79EFBC}") = "Сlient", "Network\Сlient\Сlient.csproj", "{870B40DE-FBA3-44CF-9EA2-B835522EC565}"
EndProject
Project("{FAE04EC0-301F-11D3-BF4B-00C04F79EFBC}") = "MainProgram", "MainProgram\MainProgram.csproj", "{280605E1-407B-40A9-9A3B-F9098002DAE8}"
EndProject
Global
	GlobalSection(SolutionConfigurationPlatforms) = preSolution
		Debug|Any CPU = Debug|Any CPU
		Release|Any CPU = Release|Any CPU
	EndGlobalSection
	GlobalSection(ProjectConfigurationPlatforms) = postSolution
		{61E7786C-C82E-4494-B3BB-42CFA6AE997B}.Debug|Any CPU.ActiveCfg = Debug|Any CPU
		{61E7786C-C82E-4494-B3BB-42CFA6AE997B}.Debug|Any CPU.Build.0 = Debug|Any CPU
		{61E7786C-C82E-4494-B3BB-42CFA6AE997B}.Release|Any CPU.ActiveCfg = Release|Any CPU
		{61E7786C-C82E-4494-B3BB-42CFA6AE997B}.Release|Any CPU.Build.0 = Release|Any CPU
		{454CB42B-ACF8-4332-BEF0-BB8A7F0A9FE4}.Debug|Any CPU.ActiveCfg = Debug|Any CPU
		{454CB42B-ACF8-4332-BEF0-BB8A7F0A9FE4}.Debug|Any CPU.Build.0 = Debug|Any CPU
		{454CB42B-ACF8-4332-BEF0-BB8A7F0A9FE4}.Release|Any CPU.ActiveCfg = Release|Any CPU
		{454CB42B-ACF8-4332-BEF0-BB8A7F0A9FE4}.Release|Any CPU.Build.0 = Release|Any CPU
		{A87B3A33-1B09-4AB5-9F3C-758430B1DAF5}.Debug|Any CPU.ActiveCfg = Debug|Any CPU
		{A87B3A33-1B09-4AB5-9F3C-758430B1DAF5}.Debug|Any CPU.Build.0 = Debug|Any CPU
		{A87B3A33-1B09-4AB5-9F3C-758430B1DAF5}.Release|Any CPU.ActiveCfg = Release|Any CPU
		{A87B3A33-1B09-4AB5-9F3C-758430B1DAF5}.Release|Any CPU.Build.0 = Release|Any CPU
		{5385C35E-3591-4B7A-A088-1A4AF05F3253}.Debug|Any CPU.ActiveCfg = Debug|Any CPU
		{5385C35E-3591-4B7A-A088-1A4AF05F3253}.Debug|Any CPU.Build.0 = Debug|Any CPU
		{5385C35E-3591-4B7A-A088-1A4AF05F3253}.Release|Any CPU.ActiveCfg = Release|Any CPU
		{5385C35E-3591-4B7A-A088-1A4AF05F3253}.Release|Any CPU.Build.0 = Release|Any CPU
		{07D5F448-F768-4132-899C-DE0868B22D71}.Debug|Any CPU.ActiveCfg = Debug|Any CPU
		{07D5F448-F768-4132-899C-DE0868B22D71}.Debug|Any CPU.Build.0 = Debug|Any CPU
		{07D5F448-F768-4132-899C-DE0868B22D71}.Release|Any CPU.ActiveCfg = Release|Any CPU
		{07D5F448-F768-4132-899C-DE0868B22D71}.Release|Any CPU.Build.0 = Release|Any CPU
		{4432C388-436F-40A1-87DD-75CF460005EA}.Debug|Any CPU.ActiveCfg = Debug|Any CPU
		{4432C388-436F-40A1-87DD-75CF460005EA}.Debug|Any CPU.Build.0 = Debug|Any CPU
		{4432C388-436F-40A1-87DD-75CF460005EA}.Release|Any CPU.ActiveCfg = Release|Any CPU
		{4432C388-436F-40A1-87DD-75CF460005EA}.Release|Any CPU.Build.0 = Release|Any CPU
		{870B40DE-FBA3-44CF-9EA2-B835522EC565}.Debug|Any CPU.ActiveCfg = Debug|Any CPU
		{870B40DE-FBA3-44CF-9EA2-B835522EC565}.Debug|Any CPU.Build.0 = Debug|Any CPU
		{870B40DE-FBA3-44CF-9EA2-B835522EC565}.Release|Any CPU.ActiveCfg = Release|Any CPU
		{870B40DE-FBA3-44CF-9EA2-B835522EC565}.Release|Any CPU.Build.0 = Release|Any CPU
		{280605E1-407B-40A9-9A3B-F9098002DAE8}.Debug|Any CPU.ActiveCfg = Debug|Any CPU
		{280605E1-407B-40A9-9A3B-F9098002DAE8}.Debug|Any CPU.Build.0 = Debug|Any CPU
		{280605E1-407B-40A9-9A3B-F9098002DAE8}.Release|Any CPU.ActiveCfg = Release|Any CPU
		{280605E1-407B-40A9-9A3B-F9098002DAE8}.Release|Any CPU.Build.0 = Release|Any CPU
	EndGlobalSection
	GlobalSection(SolutionProperties) = preSolution
		HideSolutionNode = FALSE
	EndGlobalSection
	GlobalSection(NestedProjects) = preSolution
		{4432C388-436F-40A1-87DD-75CF460005EA} = {DA08A089-2C80-40C1-B597-391307701B29}
		{870B40DE-FBA3-44CF-9EA2-B835522EC565} = {DA08A089-2C80-40C1-B597-391307701B29}
	EndGlobalSection
	GlobalSection(ExtensibilityGlobals) = postSolution
		SolutionGuid = {B9313B86-CA3D-48F7-83A4-5337C7393F05}
	EndGlobalSection
EndGlobal
